
Microsoft Visual Studio Solution File, Format Version 12.00
# Visual Studio 2013
VisualStudioVersion = 12.0.31101.0
MinimumVisualStudioVersion = 10.0.40219.1
Project("{FAE04EC0-301F-11D3-BF4B-00C04F79EFBC}") = "Team2LibraryProject_01", "Team2LibraryProject_01\Team2LibraryProject_01.csproj", "{26A4AED7-601D-4820-AD8B-531FF1B54249}"
EndProject
Global
	GlobalSection(SolutionConfigurationPlatforms) = preSolution
		Debug|Any CPU = Debug|Any CPU
		Release|Any CPU = Release|Any CPU
	EndGlobalSection
	GlobalSection(ProjectConfigurationPlatforms) = postSolution
		{26A4AED7-601D-4820-AD8B-531FF1B54249}.Debug|Any CPU.ActiveCfg = Debug|Any CPU
		{26A4AED7-601D-4820-AD8B-531FF1B54249}.Debug|Any CPU.Build.0 = Debug|Any CPU
		{26A4AED7-601D-4820-AD8B-531FF1B54249}.Release|Any CPU.ActiveCfg = Release|Any CPU
		{26A4AED7-601D-4820-AD8B-531FF1B54249}.Release|Any CPU.Build.0 = Release|Any CPU
	EndGlobalSection
	GlobalSection(SolutionProperties) = preSolution
		HideSolutionNode = FALSE
	EndGlobalSection
EndGlobal
